
Microsoft Visual Studio Solution File, Format Version 12.00
# Visual Studio Version 17
VisualStudioVersion = 17.10.34607.79
MinimumVisualStudioVersion = 10.0.40219.1
Project("{FAE04EC0-301F-11D3-BF4B-00C04F79EFBC}") = "Order management", "Order management.csproj", "{5FCE163E-54E0-4132-8C68-DD676567BDEF}"
EndProject
Global
	GlobalSection(SolutionConfigurationPlatforms) = preSolution
		Debug|Any CPU = Debug|Any CPU
		Release|Any CPU = Release|Any CPU
	EndGlobalSection
	GlobalSection(ProjectConfigurationPlatforms) = postSolution
		{5FCE163E-54E0-4132-8C68-DD676567BDEF}.Debug|Any CPU.ActiveCfg = Debug|Any CPU
		{5FCE163E-54E0-4132-8C68-DD676567BDEF}.Debug|Any CPU.Build.0 = Debug|Any CPU
		{5FCE163E-54E0-4132-8C68-DD676567BDEF}.Release|Any CPU.ActiveCfg = Release|Any CPU
		{5FCE163E-54E0-4132-8C68-DD676567BDEF}.Release|Any CPU.Build.0 = Release|Any CPU
	EndGlobalSection
	GlobalSection(SolutionProperties) = preSolution
		HideSolutionNode = FALSE
	EndGlobalSection
	GlobalSection(ExtensibilityGlobals) = postSolution
		SolutionGuid = {DE882E3F-82E3-4FC0-861F-23B4E1317992}
	EndGlobalSection
EndGlobal
