
Microsoft Visual Studio Solution File, Format Version 12.00
# Visual Studio Version 17
VisualStudioVersion = 17.10.34607.79
MinimumVisualStudioVersion = 10.0.40219.1
Project("{FAE04EC0-301F-11D3-BF4B-00C04F79EFBC}") = "View statistics report", "View statistics report.csproj", "{222B7D09-9780-4159-AB54-A2EF5A6803E2}"
EndProject
Global
	GlobalSection(SolutionConfigurationPlatforms) = preSolution
		Debug|Any CPU = Debug|Any CPU
		Release|Any CPU = Release|Any CPU
	EndGlobalSection
	GlobalSection(ProjectConfigurationPlatforms) = postSolution
		{222B7D09-9780-4159-AB54-A2EF5A6803E2}.Debug|Any CPU.ActiveCfg = Debug|Any CPU
		{222B7D09-9780-4159-AB54-A2EF5A6803E2}.Debug|Any CPU.Build.0 = Debug|Any CPU
		{222B7D09-9780-4159-AB54-A2EF5A6803E2}.Release|Any CPU.ActiveCfg = Release|Any CPU
		{222B7D09-9780-4159-AB54-A2EF5A6803E2}.Release|Any CPU.Build.0 = Release|Any CPU
	EndGlobalSection
	GlobalSection(SolutionProperties) = preSolution
		HideSolutionNode = FALSE
	EndGlobalSection
	GlobalSection(ExtensibilityGlobals) = postSolution
		SolutionGuid = {CF26E587-C00E-4B9D-85F4-0ACA70F4E014}
	EndGlobalSection
EndGlobal
