
Microsoft Visual Studio Solution File, Format Version 12.00
# Visual Studio Version 17
VisualStudioVersion = 17.10.34607.79
MinimumVisualStudioVersion = 10.0.40219.1
Project("{FAE04EC0-301F-11D3-BF4B-00C04F79EFBC}") = "user", "user.csproj", "{DFE6217F-B932-482B-83A0-7CB953F363DA}"
EndProject
Global
	GlobalSection(SolutionConfigurationPlatforms) = preSolution
		Debug|Any CPU = Debug|Any CPU
		Release|Any CPU = Release|Any CPU
	EndGlobalSection
	GlobalSection(ProjectConfigurationPlatforms) = postSolution
		{DFE6217F-B932-482B-83A0-7CB953F363DA}.Debug|Any CPU.ActiveCfg = Debug|Any CPU
		{DFE6217F-B932-482B-83A0-7CB953F363DA}.Debug|Any CPU.Build.0 = Debug|Any CPU
		{DFE6217F-B932-482B-83A0-7CB953F363DA}.Release|Any CPU.ActiveCfg = Release|Any CPU
		{DFE6217F-B932-482B-83A0-7CB953F363DA}.Release|Any CPU.Build.0 = Release|Any CPU
	EndGlobalSection
	GlobalSection(SolutionProperties) = preSolution
		HideSolutionNode = FALSE
	EndGlobalSection
	GlobalSection(ExtensibilityGlobals) = postSolution
		SolutionGuid = {62A59A84-D340-40D2-8528-EEDE466946FC}
	EndGlobalSection
EndGlobal
